{
  "originHash" : "f87c507eb9878b7edc0659ea86924114782791cdc32c75fc0e2192a7c1399e4e",
  "pins" : [
    {
      "identity" : "cache",
      "kind" : "remoteSourceControl",
      "location" : "https://github.com/hyperoslo/Cache.git",
      "state" : {
        "revision" : "24e47109e31b2031cb26e25cc1b81b607496066c",
        "version" : "7.4.0"
      }
    }
  ],
  "version" : 3
}
